
Microsoft Visual Studio Solution File, Format Version 12.00
# Visual Studio Version 17
VisualStudioVersion = 17.1.32228.430
MinimumVisualStudioVersion = 10.0.40219.1
Project("{FAE04EC0-301F-11D3-BF4B-00C04F79EFBC}") = "InterviewTask.EmployeeManagement", "InterviewTask.EmployeeManagement\InterviewTask.EmployeeManagement.csproj", "{736F061D-8C26-4FF5-BB96-F52947C3CD80}"
EndProject
Project("{FAE04EC0-301F-11D3-BF4B-00C04F79EFBC}") = "Entities", "Entities\Entities.csproj", "{01DA738C-B364-4572-ABAD-9872CE9C1447}"
EndProject
Project("{FAE04EC0-301F-11D3-BF4B-00C04F79EFBC}") = "Contracts", "Contracts\Contracts.csproj", "{4EB046F1-6D4D-4EE4-8778-A80F5A005829}"
EndProject
Project("{FAE04EC0-301F-11D3-BF4B-00C04F79EFBC}") = "Repository", "Repository\Repository.csproj", "{4963DF52-A55F-4F7C-9D0F-93DE0F762313}"
EndProject
Global
	GlobalSection(SolutionConfigurationPlatforms) = preSolution
		Debug|Any CPU = Debug|Any CPU
		Release|Any CPU = Release|Any CPU
	EndGlobalSection
	GlobalSection(ProjectConfigurationPlatforms) = postSolution
		{736F061D-8C26-4FF5-BB96-F52947C3CD80}.Debug|Any CPU.ActiveCfg = Debug|Any CPU
		{736F061D-8C26-4FF5-BB96-F52947C3CD80}.Debug|Any CPU.Build.0 = Debug|Any CPU
		{736F061D-8C26-4FF5-BB96-F52947C3CD80}.Release|Any CPU.ActiveCfg = Release|Any CPU
		{736F061D-8C26-4FF5-BB96-F52947C3CD80}.Release|Any CPU.Build.0 = Release|Any CPU
		{01DA738C-B364-4572-ABAD-9872CE9C1447}.Debug|Any CPU.ActiveCfg = Debug|Any CPU
		{01DA738C-B364-4572-ABAD-9872CE9C1447}.Debug|Any CPU.Build.0 = Debug|Any CPU
		{01DA738C-B364-4572-ABAD-9872CE9C1447}.Release|Any CPU.ActiveCfg = Release|Any CPU
		{01DA738C-B364-4572-ABAD-9872CE9C1447}.Release|Any CPU.Build.0 = Release|Any CPU
		{4EB046F1-6D4D-4EE4-8778-A80F5A005829}.Debug|Any CPU.ActiveCfg = Debug|Any CPU
		{4EB046F1-6D4D-4EE4-8778-A80F5A005829}.Debug|Any CPU.Build.0 = Debug|Any CPU
		{4EB046F1-6D4D-4EE4-8778-A80F5A005829}.Release|Any CPU.ActiveCfg = Release|Any CPU
		{4EB046F1-6D4D-4EE4-8778-A80F5A005829}.Release|Any CPU.Build.0 = Release|Any CPU
		{4963DF52-A55F-4F7C-9D0F-93DE0F762313}.Debug|Any CPU.ActiveCfg = Debug|Any CPU
		{4963DF52-A55F-4F7C-9D0F-93DE0F762313}.Debug|Any CPU.Build.0 = Debug|Any CPU
		{4963DF52-A55F-4F7C-9D0F-93DE0F762313}.Release|Any CPU.ActiveCfg = Release|Any CPU
		{4963DF52-A55F-4F7C-9D0F-93DE0F762313}.Release|Any CPU.Build.0 = Release|Any CPU
	EndGlobalSection
	GlobalSection(SolutionProperties) = preSolution
		HideSolutionNode = FALSE
	EndGlobalSection
	GlobalSection(ExtensibilityGlobals) = postSolution
		SolutionGuid = {1A1919DC-B0A2-4F4E-9089-23C6BA1EC749}
	EndGlobalSection
EndGlobal
